
Microsoft Visual Studio Solution File, Format Version 12.00
# Visual Studio Version 16
VisualStudioVersion = 16.0.30320.27
MinimumVisualStudioVersion = 10.0.40219.1
Project("{9A19103F-16F7-4668-BE54-9A1E7A4F7556}") = "eShopSolution.Web", "eShopSolution.Web\eShopSolution.Web.csproj", "{FF291946-277F-422A-85EB-A0FB79176457}"
EndProject
Project("{9A19103F-16F7-4668-BE54-9A1E7A4F7556}") = "eShopSolution.Data", "eShopSolution.Data\eShopSolution.Data.csproj", "{F34410FE-D1DA-478D-A83E-5DBF28D6A37F}"
EndProject
Project("{9A19103F-16F7-4668-BE54-9A1E7A4F7556}") = "eShopSolution.Application", "eShopSolution.Application\eShopSolution.Application.csproj", "{BE6C5E09-0E2A-44CF-8619-E4F45AC1933F}"
EndProject
Project("{FAE04EC0-301F-11D3-BF4B-00C04F79EFBC}") = "eShopSolution.Utilities", "eShopSolution.Utilities\eShopSolution.Utilities.csproj", "{65C4D22C-B855-4532-B591-E385C6801C82}"
EndProject
Project("{9A19103F-16F7-4668-BE54-9A1E7A4F7556}") = "eShopSolution.ViewModel", "eShopSolution.ViewModel\eShopSolution.ViewModel.csproj", "{4D414D6A-5420-4846-BD47-412F2411AB2A}"
EndProject
Project("{FAE04EC0-301F-11D3-BF4B-00C04F79EFBC}") = "eShopSolution.BackendApi", "eShopSolution.BackendApi\eShopSolution.BackendApi.csproj", "{50185E62-C4EC-4DBA-8D4D-C13DECA7ECFC}"
EndProject
Global
	GlobalSection(SolutionConfigurationPlatforms) = preSolution
		Debug|Any CPU = Debug|Any CPU
		Release|Any CPU = Release|Any CPU
	EndGlobalSection
	GlobalSection(ProjectConfigurationPlatforms) = postSolution
		{FF291946-277F-422A-85EB-A0FB79176457}.Debug|Any CPU.ActiveCfg = Debug|Any CPU
		{FF291946-277F-422A-85EB-A0FB79176457}.Debug|Any CPU.Build.0 = Debug|Any CPU
		{FF291946-277F-422A-85EB-A0FB79176457}.Release|Any CPU.ActiveCfg = Release|Any CPU
		{FF291946-277F-422A-85EB-A0FB79176457}.Release|Any CPU.Build.0 = Release|Any CPU
		{F34410FE-D1DA-478D-A83E-5DBF28D6A37F}.Debug|Any CPU.ActiveCfg = Debug|Any CPU
		{F34410FE-D1DA-478D-A83E-5DBF28D6A37F}.Debug|Any CPU.Build.0 = Debug|Any CPU
		{F34410FE-D1DA-478D-A83E-5DBF28D6A37F}.Release|Any CPU.ActiveCfg = Release|Any CPU
		{F34410FE-D1DA-478D-A83E-5DBF28D6A37F}.Release|Any CPU.Build.0 = Release|Any CPU
		{BE6C5E09-0E2A-44CF-8619-E4F45AC1933F}.Debug|Any CPU.ActiveCfg = Debug|Any CPU
		{BE6C5E09-0E2A-44CF-8619-E4F45AC1933F}.Debug|Any CPU.Build.0 = Debug|Any CPU
		{BE6C5E09-0E2A-44CF-8619-E4F45AC1933F}.Release|Any CPU.ActiveCfg = Release|Any CPU
		{BE6C5E09-0E2A-44CF-8619-E4F45AC1933F}.Release|Any CPU.Build.0 = Release|Any CPU
		{65C4D22C-B855-4532-B591-E385C6801C82}.Debug|Any CPU.ActiveCfg = Debug|Any CPU
		{65C4D22C-B855-4532-B591-E385C6801C82}.Debug|Any CPU.Build.0 = Debug|Any CPU
		{65C4D22C-B855-4532-B591-E385C6801C82}.Release|Any CPU.ActiveCfg = Release|Any CPU
		{65C4D22C-B855-4532-B591-E385C6801C82}.Release|Any CPU.Build.0 = Release|Any CPU
		{4D414D6A-5420-4846-BD47-412F2411AB2A}.Debug|Any CPU.ActiveCfg = Debug|Any CPU
		{4D414D6A-5420-4846-BD47-412F2411AB2A}.Debug|Any CPU.Build.0 = Debug|Any CPU
		{4D414D6A-5420-4846-BD47-412F2411AB2A}.Release|Any CPU.ActiveCfg = Release|Any CPU
		{4D414D6A-5420-4846-BD47-412F2411AB2A}.Release|Any CPU.Build.0 = Release|Any CPU
		{50185E62-C4EC-4DBA-8D4D-C13DECA7ECFC}.Debug|Any CPU.ActiveCfg = Debug|Any CPU
		{50185E62-C4EC-4DBA-8D4D-C13DECA7ECFC}.Debug|Any CPU.Build.0 = Debug|Any CPU
		{50185E62-C4EC-4DBA-8D4D-C13DECA7ECFC}.Release|Any CPU.ActiveCfg = Release|Any CPU
		{50185E62-C4EC-4DBA-8D4D-C13DECA7ECFC}.Release|Any CPU.Build.0 = Release|Any CPU
	EndGlobalSection
	GlobalSection(SolutionProperties) = preSolution
		HideSolutionNode = FALSE
	EndGlobalSection
	GlobalSection(ExtensibilityGlobals) = postSolution
		SolutionGuid = {DFE4DDBB-6C8D-4F75-A05C-2DB1E49E4976}
	EndGlobalSection
EndGlobal
